
Microsoft Visual Studio Solution File, Format Version 12.00
# Visual Studio Version 17
VisualStudioVersion = 17.5.33502.453
MinimumVisualStudioVersion = 10.0.40219.1
Project("{f81f4678-84b4-4968-832d-f00574c13251}") = "Dallas.WebApp", "Dallas.WebApp\Dallas.WebApp.csproj", "{5d45a707-39f5-408a-b95d-902884c0e031}"
EndProject
Project("{f81f4678-84b4-4968-832d-f00574c13251}") = "Dallas.Core", "Dallas.Core\Dallas.Core.csproj", "{3107ce6e-c3b2-4716-94a6-ca04444e5eba}"
EndProject
Global
	GlobalSection(SolutionConfigurationPlatforms) = preSolution
		Debug|Any CPU = Debug|Any CPU
		Release|Any CPU = Release|Any CPU
	EndGlobalSection
	GlobalSection(ProjectConfigurationPlatforms) = postSolution
		{5d45a707-39f5-408a-b95d-902884c0e031}.Debug|Any CPU.ActiveCfg = Debug|Any CPU
		{5d45a707-39f5-408a-b95d-902884c0e031}.Debug|Any CPU.Build.0 = Debug|Any CPU
		{5d45a707-39f5-408a-b95d-902884c0e031}.Release|Any CPU.ActiveCfg = Release|Any CPU
		{5d45a707-39f5-408a-b95d-902884c0e031}.Release|Any CPU.Build.0 = Release|Any CPU
		{3107ce6e-c3b2-4716-94a6-ca04444e5eba}.Debug|Any CPU.ActiveCfg = Debug|Any CPU
		{3107ce6e-c3b2-4716-94a6-ca04444e5eba}.Debug|Any CPU.Build.0 = Debug|Any CPU
		{3107ce6e-c3b2-4716-94a6-ca04444e5eba}.Release|Any CPU.ActiveCfg = Release|Any CPU
		{3107ce6e-c3b2-4716-94a6-ca04444e5eba}.Release|Any CPU.Build.0 = Release|Any CPU
	EndGlobalSection
	GlobalSection(SolutionProperties) = preSolution
		HideSolutionNode = FALSE
	EndGlobalSection
	GlobalSection(ExtensibilityGlobals) = postSolution
		SolutionGuid = {5160d2e5-2308-4411-9ca5-e2f61a01c179}
	EndGlobalSection
EndGlobal
